
Microsoft Visual Studio Solution File, Format Version 12.00
# Visual Studio Version 16
VisualStudioVersion = 16.0.29102.190
MinimumVisualStudioVersion = 10.0.40219.1
Project("{FAE04EC0-301F-11D3-BF4B-00C04F79EFBC}") = "SDVX-Setup", "SDVX-Setup\SDVX-Setup.csproj", "{BB0FB25C-851F-46F4-B153-410E5CEB4DFC}"
EndProject
Global
	GlobalSection(SolutionConfigurationPlatforms) = preSolution
		Debug|Any CPU = Debug|Any CPU
		Release|Any CPU = Release|Any CPU
	EndGlobalSection
	GlobalSection(ProjectConfigurationPlatforms) = postSolution
		{BB0FB25C-851F-46F4-B153-410E5CEB4DFC}.Debug|Any CPU.ActiveCfg = Debug|Any CPU
		{BB0FB25C-851F-46F4-B153-410E5CEB4DFC}.Debug|Any CPU.Build.0 = Debug|Any CPU
		{BB0FB25C-851F-46F4-B153-410E5CEB4DFC}.Release|Any CPU.ActiveCfg = Release|Any CPU
		{BB0FB25C-851F-46F4-B153-410E5CEB4DFC}.Release|Any CPU.Build.0 = Release|Any CPU
	EndGlobalSection
	GlobalSection(SolutionProperties) = preSolution
		HideSolutionNode = FALSE
	EndGlobalSection
	GlobalSection(ExtensibilityGlobals) = postSolution
		SolutionGuid = {FBA33BD3-6C74-4B22-8FD7-357ABA206DEC}
	EndGlobalSection
EndGlobal
